// !$*UTF8*$!
{
	archiveVersion = 1;
	classes = {
	};
	objectVersion = 48;
	objects = {

/* Begin PBXBuildFile section */
		822B2CA02087B8C7002A1226 /* AppDelegate.swift in Sources */ = {isa = PBXBuildFile; fileRef = 822B2C9F2087B8C7002A1226 /* AppDelegate.swift */; };
		822B2CA22087B8C7002A1226 /* ViewController.swift in Sources */ = {isa = PBXBuildFile; fileRef = 822B2CA12087B8C7002A1226 /* ViewController.swift */; };
		822B2CA42087B8C7002A1226 /* Assets.xcassets in Resources */ = {isa = PBXBuildFile; fileRef = 822B2CA32087B8C7002A1226 /* Assets.xcassets */; };
		822B2CA72087B8C7002A1226 /* Main.storyboard in Resources */ = {isa = PBXBuildFile; fileRef = 822B2CA52087B8C7002A1226 /* Main.storyboard */; };
/* End PBXBuildFile section */

/* Begin PBXFileReference section */
		822B2C9C2087B8C7002A1226 /* Hotspot Creator.app */ = {isa = PBXFileReference; explicitFileType = wrapper.application; includeInIndex = 0; path = "Hotspot Creator.app"; sourceTree = BUILT_PRODUCTS_DIR; };
		822B2C9F2087B8C7002A1226 /* AppDelegate.swift */ = {isa = PBXFileReference; lastKnownFileType = sourcecode.swift; path = AppDelegate.swift; sourceTree = "<group>"; };
		822B2CA12087B8C7002A1226 /* ViewController.swift */ = {isa = PBXFileReference; lastKnownFileType = sourcecode.swift; path = ViewController.swift; sourceTree = "<group>"; };
		822B2CA32087B8C7002A1226 /* Assets.xcassets */ = {isa = PBXFileReference; lastKnownFileType = folder.assetcatalog; path = Assets.xcassets; sourceTree = "<group>"; };
		822B2CA62087B8C7002A1226 /* Base */ = {isa = PBXFileReference; lastKnownFileType = file.storyboard; name = Base; path = Base.lproj/Main.storyboard; sourceTree = "<group>"; };
		822B2CA82087B8C7002A1226 /* Info.plist */ = {isa = PBXFileReference; lastKnownFileType = text.plist.xml; path = Info.plist; sourceTree = "<group>"; };
		822B2CA92087B8C7002A1226 /* Hotspot_Creator.entitlements */ = {isa = PBXFileReference; lastKnownFileType = text.plist.entitlements; path = Hotspot_Creator.entitlements; sourceTree = "<group>"; };
/* End PBXFileReference section */

/* Begin PBXFrameworksBuildPhase section */
		822B2C992087B8C7002A1226 /* Frameworks */ = {
			isa = PBXFrameworksBuildPhase;
			buildActionMask = 2147483647;
			files = (
			);
			runOnlyForDeploymentPostprocessing = 0;
		};
/* End PBXFrameworksBuildPhase section */

/* Begin PBXGroup section */
		822B2C932087B8C7002A1226 = {
			isa = PBXGroup;
			children = (
				822B2C9E2087B8C7002A1226 /* Hotspot Creator */,
				822B2C9D2087B8C7002A1226 /* Products */,
			);
			sourceTree = "<group>";
		};
		822B2C9D2087B8C7002A1226 /* Products */ = {
			isa = PBXGroup;
			children = (
				822B2C9C2087B8C7002A1226 /* Hotspot Creator.app */,
			);
			name = Products;
			sourceTree = "<group>";
		};
		822B2C9E2087B8C7002A1226 /* Hotspot Creator */ = {
			isa = PBXGroup;
			children = (
				822B2C9F2087B8C7002A1226 /* AppDelegate.swift */,
				822B2CA12087B8C7002A1226 /* ViewController.swift */,
				822B2CA32087B8C7002A1226 /* Assets.xcassets */,
				822B2CA52087B8C7002A1226 /* Main.storyboard */,
				822B2CA82087B8C7002A1226 /* Info.plist */,
				822B2CA92087B8C7002A1226 /* Hotspot_Creator.entitlements */,
			);
			path = "Hotspot Creator";
			sourceTree = "<group>";
		};
/* End PBXGroup section */

/* Begin PBXNativeTarget section */
		822B2C9B2087B8C7002A1226 /* Hotspot Creator */ = {
			isa = PBXNativeTarget;
			buildConfigurationList = 822B2CAC2087B8C7002A1226 /* Build configuration list for PBXNativeTarget "Hotspot Creator" */;
			buildPhases = (
				822B2C982087B8C7002A1226 /* Sources */,
				822B2C992087B8C7002A1226 /* Frameworks */,
				822B2C9A2087B8C7002A1226 /* Resources */,
			);
			buildRules = (
			);
			dependencies = (
			);
			name = "Hotspot Creator";
			productName = "Hotspot Creator";
			productReference = 822B2C9C2087B8C7002A1226 /* Hotspot Creator.app */;
			productType = "com.apple.product-type.application";
		};
/* End PBXNativeTarget section */

/* Begin PBXProject section */
		822B2C942087B8C7002A1226 /* Project object */ = {
			isa = PBXProject;
			attributes = {
				LastSwiftUpdateCheck = 0920;
				LastUpgradeCheck = 0920;
				ORGANIZATIONNAME = "Austin Toot";
				TargetAttributes = {
					822B2C9B2087B8C7002A1226 = {
						CreatedOnToolsVersion = 9.2;
						ProvisioningStyle = Automatic;
					};
				};
			};
			buildConfigurationList = 822B2C972087B8C7002A1226 /* Build configuration list for PBXProject "Hotspot Creator" */;
			compatibilityVersion = "Xcode 8.0";
			developmentRegion = en;
			hasScannedForEncodings = 0;
			knownRegions = (
				en,
				Base,
			);
			mainGroup = 822B2C932087B8C7002A1226;
			productRefGroup = 822B2C9D2087B8C7002A1226 /* Products */;
			projectDirPath = "";
			projectRoot = "";
			targets = (
				822B2C9B2087B8C7002A1226 /* Hotspot Creator */,
			);
		};
/* End PBXProject section */

/* Begin PBXResourcesBuildPhase section */
		822B2C9A2087B8C7002A1226 /* Resources */ = {
			isa = PBXResourcesBuildPhase;
			buildActionMask = 2147483647;
			files = (
				822B2CA42087B8C7002A1226 /* Assets.xcassets in Resources */,
				822B2CA72087B8C7002A1226 /* Main.storyboard in Resources */,
			);
			runOnlyForDeploymentPostprocessing = 0;
		};
/* End PBXResourcesBuildPhase section */

/* Begin PBXSourcesBuildPhase section */
		822B2C982087B8C7002A1226 /* Sources */ = {
			isa = PBXSourcesBuildPhase;
			buildActionMask = 2147483647;
			files = (
				822B2CA22087B8C7002A1226 /* ViewController.swift in Sources */,
				822B2CA02087B8C7002A1226 /* AppDelegate.swift in Sources */,
			);
			runOnlyForDeploymentPostprocessing = 0;
		};
/* End PBXSourcesBuildPhase section */

/* Begin PBXVariantGroup section */
		822B2CA52087B8C7002A1226 /* Main.storyboard */ = {
			isa = PBXVariantGroup;
			children = (
				822B2CA62087B8C7002A1226 /* Base */,
			);
			name = Main.storyboard;
			sourceTree = "<group>";
		};
/* End PBXVariantGroup section */

/* Begin XCBuildConfiguration section */
		822B2CAA2087B8C7002A1226 /* Debug */ = {
			isa = XCBuildConfiguration;
			buildSettings = {
				ALWAYS_SEARCH_USER_PATHS = NO;
				CLANG_ANALYZER_NONNULL = YES;
				CLANG_ANALYZER_NUMBER_OBJECT_CONVERSION = YES_AGGRESSIVE;
				CLANG_CXX_LANGUAGE_STANDARD = "gnu++14";
				CLANG_CXX_LIBRARY = "libc++";
				CLANG_ENABLE_MODULES = YES;
				CLANG_ENABLE_OBJC_ARC = YES;
				CLANG_WARN_BLOCK_CAPTURE_AUTORELEASING = YES;
				CLANG_WARN_BOOL_CONVERSION = YES;
				CLANG_WARN_COMMA = YES;
				CLANG_WARN_CONSTANT_CONVERSION = YES;
				CLANG_WARN_DIRECT_OBJC_ISA_USAGE = YES_ERROR;
				CLANG_WARN_DOCUMENTATION_COMMENTS = YES;
				CLANG_WARN_EMPTY_BODY = YES;
				CLANG_WARN_ENUM_CONVERSION = YES;
				CLANG_WARN_INFINITE_RECURSION = YES;
				CLANG_WARN_INT_CONVERSION = YES;
				CLANG_WARN_NON_LITERAL_NULL_CONVERSION = YES;
				CLANG_WARN_OBJC_LITERAL_CONVERSION = YES;
				CLANG_WARN_OBJC_ROOT_CLASS = YES_ERROR;
				CLANG_WARN_RANGE_LOOP_ANALYSIS = YES;
				CLANG_WARN_STRICT_PROTOTYPES = YES;
				CLANG_WARN_SUSPICIOUS_MOVE = YES;
				CLANG_WARN_UNGUARDED_AVAILABILITY = YES_AGGRESSIVE;
				CLANG_WARN_UNREACHABLE_CODE = YES;
				CLANG_WARN__DUPLICATE_METHOD_MATCH = YES;
				CODE_SIGN_IDENTITY = "-";
				COPY_PHASE_STRIP = NO;
				DEBUG_INFORMATION_FORMAT = dwarf;
				ENABLE_STRICT_OBJC_MSGSEND = YES;
				ENABLE_TESTABILITY = YES;
				GCC_C_LANGUAGE_STANDARD = gnu11;
				GCC_DYNAMIC_NO_PIC = NO;
				GCC_NO_COMMON_BLOCKS = YES;
				GCC_OPTIMIZATION_LEVEL = 0;
				GCC_PREPROCESSOR_DEFINITIONS = (
					"DEBUG=1",
					"$(inherited)",
				);
				GCC_WARN_64_TO_32_BIT_CONVERSION = YES;
				GCC_WARN_ABOUT_RETURN_TYPE = YES_ERROR;
				GCC_WARN_UNDECLARED_SELECTOR = YES;
				GCC_WARN_UNINITIALIZED_AUTOS = YES_AGGRESSIVE;
				GCC_WARN_UNUSED_FUNCTION = YES;
				GCC_WARN_UNUSED_VARIABLE = YES;
				MACOSX_DEPLOYMENT_TARGET = 10.13;
				MTL_ENABLE_DEBUG_INFO = YES;
				ONLY_ACTIVE_ARCH = YES;
				SDKROOT = macosx;
				SWIFT_ACTIVE_COMPILATION_CONDITIONS = DEBUG;
				SWIFT_OPTIMIZATION_LEVEL = "-Onone";
			};
			name = Debug;
		};
		822B2CAB2087B8C7002A1226 /* Release */ = {
			isa = XCBuildConfiguration;
			buildSettings = {
				ALWAYS_SEARCH_USER_PATHS = NO;
				CLANG_ANALYZER_NONNULL = YES;
				CLANG_ANALYZER_NUMBER_OBJECT_CONVERSION = YES_AGGRESSIVE;
				CLANG_CXX_LANGUAGE_STANDARD = "gnu++14";
				CLANG_CXX_LIBRARY = "libc++";
				CLANG_ENABLE_MODULES = YES;
				CLANG_ENABLE_OBJC_ARC = YES;
				CLANG_WARN_BLOCK_CAPTURE_AUTORELEASING = YES;
				CLANG_WARN_BOOL_CONVERSION = YES;
				CLANG_WARN_COMMA = YES;
				CLANG_WARN_CONSTANT_CONVERSION = YES;
				CLANG_WARN_DIRECT_OBJC_ISA_USAGE = YES_ERROR;
				CLANG_WARN_DOCUMENTATION_COMMENTS = YES;
				CLANG_WARN_EMPTY_BODY = YES;
				CLANG_WARN_ENUM_CONVERSION = YES;
				CLANG_WARN_INFINITE_RECURSION = YES;
				CLANG_WARN_INT_CONVERSION = YES;
				CLANG_WARN_NON_LITERAL_NULL_CONVERSION = YES;
				CLANG_WARN_OBJC_LITERAL_CONVERSION = YES;
				CLANG_WARN_OBJC_ROOT_CLASS = YES_ERROR;
				CLANG_WARN_RANGE_LOOP_ANALYSIS = YES;
				CLANG_WARN_STRICT_PROTOTYPES = YES;
				CLANG_WARN_SUSPICIOUS_MOVE = YES;
				CLANG_WARN_UNGUARDED_AVAILABILITY = YES_AGGRESSIVE;
				CLANG_WARN_UNREACHABLE_CODE = YES;
				CLANG_WARN__DUPLICATE_METHOD_MATCH = YES;
				CODE_SIGN_IDENTITY = "-";
				COPY_PHASE_STRIP = NO;
				DEBUG_INFORMATION_FORMAT = "dwarf-with-dsym";
				ENABLE_NS_ASSERTIONS = NO;
				ENABLE_STRICT_OBJC_MSGSEND = YES;
				GCC_C_LANGUAGE_STANDARD = gnu11;
				GCC_NO_COMMON_BLOCKS = YES;
				GCC_WARN_64_TO_32_BIT_CONVERSION = YES;
				GCC_WARN_ABOUT_RETURN_TYPE = YES_ERROR;
				GCC_WARN_UNDECLARED_SELECTOR = YES;
				GCC_WARN_UNINITIALIZED_AUTOS = YES_AGGRESSIVE;
				GCC_WARN_UNUSED_FUNCTION = YES;
				GCC_WARN_UNUSED_VARIABLE = YES;
				MACOSX_DEPLOYMENT_TARGET = 10.13;
				MTL_ENABLE_DEBUG_INFO = NO;
				SDKROOT = macosx;
				SWIFT_OPTIMIZATION_LEVEL = "-Owholemodule";
			};
			name = Release;
		};
		822B2CAD2087B8C7002A1226 /* Debug */ = {
			isa = XCBuildConfiguration;
			buildSettings = {
				ASSETCATALOG_COMPILER_APPICON_NAME = AppIcon;
				CODE_SIGN_ENTITLEMENTS = "Hotspot Creator/Hotspot_Creator.entitlements";
				CODE_SIGN_STYLE = Automatic;
				COMBINE_HIDPI_IMAGES = YES;
				INFOPLIST_FILE = "Hotspot Creator/Info.plist";
				LD_RUNPATH_SEARCH_PATHS = "$(inherited) @executable_path/../Frameworks";
				PRODUCT_BUNDLE_IDENTIFIER = "com.example.Hotspot-Creator";
				PRODUCT_NAME = "$(TARGET_NAME)";
				SWIFT_VERSION = 4.0;
			};
			name = Debug;
		};
		822B2CAE2087B8C7002A1226 /* Release */ = {
			isa = XCBuildConfiguration;
			buildSettings = {
				ASSETCATALOG_COMPILER_APPICON_NAME = AppIcon;
				CODE_SIGN_ENTITLEMENTS = "Hotspot Creator/Hotspot_Creator.entitlements";
				CODE_SIGN_STYLE = Automatic;
				COMBINE_HIDPI_IMAGES = YES;
				INFOPLIST_FILE = "Hotspot Creator/Info.plist";
				LD_RUNPATH_SEARCH_PATHS = "$(inherited) @executable_path/../Frameworks";
				PRODUCT_BUNDLE_IDENTIFIER = "com.example.Hotspot-Creator";
				PRODUCT_NAME = "$(TARGET_NAME)";
				SWIFT_VERSION = 4.0;
			};
			name = Release;
		};
/* End XCBuildConfiguration section */

/* Begin XCConfigurationList section */
		822B2C972087B8C7002A1226 /* Build configuration list for PBXProject "Hotspot Creator" */ = {
			isa = XCConfigurationList;
			buildConfigurations = (
				822B2CAA2087B8C7002A1226 /* Debug */,
				822B2CAB2087B8C7002A1226 /* Release */,
			);
			defaultConfigurationIsVisible = 0;
			defaultConfigurationName = Release;
		};
		822B2CAC2087B8C7002A1226 /* Build configuration list for PBXNativeTarget "Hotspot Creator" */ = {
			isa = XCConfigurationList;
			buildConfigurations = (
				822B2CAD2087B8C7002A1226 /* Debug */,
				822B2CAE2087B8C7002A1226 /* Release */,
			);
			defaultConfigurationIsVisible = 0;
			defaultConfigurationName = Release;
		};
/* End XCConfigurationList section */
	};
	rootObject = 822B2C942087B8C7002A1226 /* Project object */;
}
